
Microsoft Visual Studio Solution File, Format Version 12.00
# Visual Studio Version 16
VisualStudioVersion = 16.0.30717.126
MinimumVisualStudioVersion = 10.0.40219.1
Project("{9A19103F-16F7-4668-BE54-9A1E7A4F7556}") = "ProjectSem3", "ProjectSem3\ProjectSem3.csproj", "{360281BB-C5FB-4DF6-A911-544A36F7CDAB}"
EndProject
Project("{9A19103F-16F7-4668-BE54-9A1E7A4F7556}") = "ClinicServicesWebAPI", "ClinicServicesWebAPI\ClinicServicesWebAPI.csproj", "{8CC6C508-759E-436A-B3F3-8BD9244D5E6F}"
EndProject
Global
	GlobalSection(SolutionConfigurationPlatforms) = preSolution
		Debug|Any CPU = Debug|Any CPU
		Release|Any CPU = Release|Any CPU
	EndGlobalSection
	GlobalSection(ProjectConfigurationPlatforms) = postSolution
		{360281BB-C5FB-4DF6-A911-544A36F7CDAB}.Debug|Any CPU.ActiveCfg = Debug|Any CPU
		{360281BB-C5FB-4DF6-A911-544A36F7CDAB}.Debug|Any CPU.Build.0 = Debug|Any CPU
		{360281BB-C5FB-4DF6-A911-544A36F7CDAB}.Release|Any CPU.ActiveCfg = Release|Any CPU
		{360281BB-C5FB-4DF6-A911-544A36F7CDAB}.Release|Any CPU.Build.0 = Release|Any CPU
		{8CC6C508-759E-436A-B3F3-8BD9244D5E6F}.Debug|Any CPU.ActiveCfg = Debug|Any CPU
		{8CC6C508-759E-436A-B3F3-8BD9244D5E6F}.Debug|Any CPU.Build.0 = Debug|Any CPU
		{8CC6C508-759E-436A-B3F3-8BD9244D5E6F}.Release|Any CPU.ActiveCfg = Release|Any CPU
		{8CC6C508-759E-436A-B3F3-8BD9244D5E6F}.Release|Any CPU.Build.0 = Release|Any CPU
	EndGlobalSection
	GlobalSection(SolutionProperties) = preSolution
		HideSolutionNode = FALSE
	EndGlobalSection
	GlobalSection(ExtensibilityGlobals) = postSolution
		SolutionGuid = {A01B04BB-902F-4442-B120-F4B84CA69551}
	EndGlobalSection
EndGlobal
